
Microsoft Visual Studio Solution File, Format Version 12.00
# Visual Studio Version 17
VisualStudioVersion = 17.6.33723.286
MinimumVisualStudioVersion = 10.0.40219.1
Project("{FAE04EC0-301F-11D3-BF4B-00C04F79EFBC}") = "PharmacyManagementSystem", "PharmacyManagementSystem.csproj", "{D960D230-EFA6-41F1-90F3-4206D54865CE}"
EndProject
Global
	GlobalSection(SolutionConfigurationPlatforms) = preSolution
		Debug|Any CPU = Debug|Any CPU
		Release|Any CPU = Release|Any CPU
	EndGlobalSection
	GlobalSection(ProjectConfigurationPlatforms) = postSolution
		{D960D230-EFA6-41F1-90F3-4206D54865CE}.Debug|Any CPU.ActiveCfg = Debug|Any CPU
		{D960D230-EFA6-41F1-90F3-4206D54865CE}.Debug|Any CPU.Build.0 = Debug|Any CPU
		{D960D230-EFA6-41F1-90F3-4206D54865CE}.Release|Any CPU.ActiveCfg = Release|Any CPU
		{D960D230-EFA6-41F1-90F3-4206D54865CE}.Release|Any CPU.Build.0 = Release|Any CPU
	EndGlobalSection
	GlobalSection(SolutionProperties) = preSolution
		HideSolutionNode = FALSE
	EndGlobalSection
	GlobalSection(ExtensibilityGlobals) = postSolution
		SolutionGuid = {BB41ACFE-8277-40A3-B2F9-9321421F6469}
	EndGlobalSection
EndGlobal
